
Microsoft Visual Studio Solution File, Format Version 12.00
# Visual Studio Version 17
VisualStudioVersion = 17.4.33205.214
MinimumVisualStudioVersion = 10.0.40219.1
Project("{8BC9CEB8-8B4A-11D0-8D11-00A0C91BC942}") = "Test", "Test.vcxproj", "{FF3CE7F3-65B4-417C-9E5F-9F61820BBCBC}"
EndProject
Global
	GlobalSection(SolutionConfigurationPlatforms) = preSolution
		Debug|Win32 = Debug|Win32
		Release|Win32 = Release|Win32
	EndGlobalSection
	GlobalSection(ProjectConfigurationPlatforms) = postSolution
		{FF3CE7F3-65B4-417C-9E5F-9F61820BBCBC}.Debug|Win32.ActiveCfg = Debug|Win32
		{FF3CE7F3-65B4-417C-9E5F-9F61820BBCBC}.Debug|Win32.Build.0 = Debug|Win32
		{FF3CE7F3-65B4-417C-9E5F-9F61820BBCBC}.Release|Win32.ActiveCfg = Release|Win32
		{FF3CE7F3-65B4-417C-9E5F-9F61820BBCBC}.Release|Win32.Build.0 = Release|Win32
	EndGlobalSection
	GlobalSection(SolutionProperties) = preSolution
		HideSolutionNode = FALSE
	EndGlobalSection
	GlobalSection(ExtensibilityGlobals) = postSolution
		SolutionGuid = {654DCF66-3F10-43FC-80A1-7A8352D0A570}
	EndGlobalSection
EndGlobal
