
Microsoft Visual Studio Solution File, Format Version 12.00
# Visual Studio Version 17
VisualStudioVersion = 17.4.33205.214
MinimumVisualStudioVersion = 10.0.40219.1
Project("{8BC9CEB8-8B4A-11D0-8D11-00A0C91BC942}") = "Test", "Test.vcxproj", "{3CAFA534-717F-444D-ADBB-D3FBDB607EEE}"
EndProject
Global
	GlobalSection(SolutionConfigurationPlatforms) = preSolution
		Debug|Win32 = Debug|Win32
		Release|Win32 = Release|Win32
	EndGlobalSection
	GlobalSection(ProjectConfigurationPlatforms) = postSolution
		{3CAFA534-717F-444D-ADBB-D3FBDB607EEE}.Debug|Win32.ActiveCfg = Debug|Win32
		{3CAFA534-717F-444D-ADBB-D3FBDB607EEE}.Debug|Win32.Build.0 = Debug|Win32
		{3CAFA534-717F-444D-ADBB-D3FBDB607EEE}.Release|Win32.ActiveCfg = Release|Win32
		{3CAFA534-717F-444D-ADBB-D3FBDB607EEE}.Release|Win32.Build.0 = Release|Win32
	EndGlobalSection
	GlobalSection(SolutionProperties) = preSolution
		HideSolutionNode = FALSE
	EndGlobalSection
	GlobalSection(ExtensibilityGlobals) = postSolution
		SolutionGuid = {8EC82CCF-F64A-4261-A402-9D4D13FE0064}
	EndGlobalSection
EndGlobal
