
Microsoft Visual Studio Solution File, Format Version 12.00
# Visual Studio Version 17
VisualStudioVersion = 17.4.33205.214
MinimumVisualStudioVersion = 10.0.40219.1
Project("{8BC9CEB8-8B4A-11D0-8D11-00A0C91BC942}") = "Test", "Test.vcxproj", "{2E0920DC-1729-49DD-BF01-CC1447DA1CC7}"
EndProject
Global
	GlobalSection(SolutionConfigurationPlatforms) = preSolution
		Debug|Win32 = Debug|Win32
		Release|Win32 = Release|Win32
	EndGlobalSection
	GlobalSection(ProjectConfigurationPlatforms) = postSolution
		{2E0920DC-1729-49DD-BF01-CC1447DA1CC7}.Debug|Win32.ActiveCfg = Debug|Win32
		{2E0920DC-1729-49DD-BF01-CC1447DA1CC7}.Debug|Win32.Build.0 = Debug|Win32
		{2E0920DC-1729-49DD-BF01-CC1447DA1CC7}.Release|Win32.ActiveCfg = Release|Win32
		{2E0920DC-1729-49DD-BF01-CC1447DA1CC7}.Release|Win32.Build.0 = Release|Win32
	EndGlobalSection
	GlobalSection(SolutionProperties) = preSolution
		HideSolutionNode = FALSE
	EndGlobalSection
	GlobalSection(ExtensibilityGlobals) = postSolution
		SolutionGuid = {2198D66E-3590-4817-A60E-E558D4C7A074}
	EndGlobalSection
EndGlobal
