
Microsoft Visual Studio Solution File, Format Version 12.00
# Visual Studio Version 17
VisualStudioVersion = 17.4.33205.214
MinimumVisualStudioVersion = 10.0.40219.1
Project("{8BC9CEB8-8B4A-11D0-8D11-00A0C91BC942}") = "Test", "Test.vcxproj", "{77FB9EFD-941F-4582-9252-46976780085B}"
EndProject
Global
	GlobalSection(SolutionConfigurationPlatforms) = preSolution
		Debug|Win32 = Debug|Win32
		Release|Win32 = Release|Win32
	EndGlobalSection
	GlobalSection(ProjectConfigurationPlatforms) = postSolution
		{77FB9EFD-941F-4582-9252-46976780085B}.Debug|Win32.ActiveCfg = Debug|Win32
		{77FB9EFD-941F-4582-9252-46976780085B}.Debug|Win32.Build.0 = Debug|Win32
		{77FB9EFD-941F-4582-9252-46976780085B}.Release|Win32.ActiveCfg = Release|Win32
		{77FB9EFD-941F-4582-9252-46976780085B}.Release|Win32.Build.0 = Release|Win32
	EndGlobalSection
	GlobalSection(SolutionProperties) = preSolution
		HideSolutionNode = FALSE
	EndGlobalSection
	GlobalSection(ExtensibilityGlobals) = postSolution
		SolutionGuid = {45DE5C3A-EB3A-4FD6-B214-5E3DF68B53E9}
	EndGlobalSection
EndGlobal
