
Microsoft Visual Studio Solution File, Format Version 12.00
# Visual Studio Version 17
VisualStudioVersion = 17.4.33205.214
MinimumVisualStudioVersion = 10.0.40219.1
Project("{8BC9CEB8-8B4A-11D0-8D11-00A0C91BC942}") = "Test", "Test.vcxproj", "{512994E4-BF20-4CD9-AFEE-9AE91CA19FF0}"
EndProject
Global
	GlobalSection(SolutionConfigurationPlatforms) = preSolution
		Debug|Win32 = Debug|Win32
		Release|Win32 = Release|Win32
	EndGlobalSection
	GlobalSection(ProjectConfigurationPlatforms) = postSolution
		{512994E4-BF20-4CD9-AFEE-9AE91CA19FF0}.Debug|Win32.ActiveCfg = Debug|Win32
		{512994E4-BF20-4CD9-AFEE-9AE91CA19FF0}.Debug|Win32.Build.0 = Debug|Win32
		{512994E4-BF20-4CD9-AFEE-9AE91CA19FF0}.Release|Win32.ActiveCfg = Release|Win32
		{512994E4-BF20-4CD9-AFEE-9AE91CA19FF0}.Release|Win32.Build.0 = Release|Win32
	EndGlobalSection
	GlobalSection(SolutionProperties) = preSolution
		HideSolutionNode = FALSE
	EndGlobalSection
	GlobalSection(ExtensibilityGlobals) = postSolution
		SolutionGuid = {E4434904-3877-4F6D-940E-2855FAADFF50}
	EndGlobalSection
EndGlobal
