
Microsoft Visual Studio Solution File, Format Version 12.00
# Visual Studio Version 17
VisualStudioVersion = 17.4.33205.214
MinimumVisualStudioVersion = 10.0.40219.1
Project("{8BC9CEB8-8B4A-11D0-8D11-00A0C91BC942}") = "Test", "Test.vcxproj", "{404B2FB8-0AED-45D9-824E-0504008C3F8C}"
EndProject
Global
	GlobalSection(SolutionConfigurationPlatforms) = preSolution
		Debug|Win32 = Debug|Win32
		Release|Win32 = Release|Win32
	EndGlobalSection
	GlobalSection(ProjectConfigurationPlatforms) = postSolution
		{404B2FB8-0AED-45D9-824E-0504008C3F8C}.Debug|Win32.ActiveCfg = Debug|Win32
		{404B2FB8-0AED-45D9-824E-0504008C3F8C}.Debug|Win32.Build.0 = Debug|Win32
		{404B2FB8-0AED-45D9-824E-0504008C3F8C}.Release|Win32.ActiveCfg = Release|Win32
		{404B2FB8-0AED-45D9-824E-0504008C3F8C}.Release|Win32.Build.0 = Release|Win32
	EndGlobalSection
	GlobalSection(SolutionProperties) = preSolution
		HideSolutionNode = FALSE
	EndGlobalSection
	GlobalSection(ExtensibilityGlobals) = postSolution
		SolutionGuid = {83571CB0-6520-42E6-914E-E234B0B65FCA}
	EndGlobalSection
EndGlobal
