<?xml version="1.0" encoding="utf-8"?>
<Project ToolsVersion="4.0" xmlns="http://schemas.microsoft.com/developer/msbuild/2003">
  <ItemGroup>
    <Filter Include="Source Files">
      <UniqueIdentifier>{bf426022-30f1-448d-9a62-fc196f1ff3a8}</UniqueIdentifier>
      <Extensions>cpp;c;cxx;rc;def;r;odl;idl;hpj;bat</Extensions>
    </Filter>
    <Filter Include="Header Files">
      <UniqueIdentifier>{4ee3864b-df4b-4279-af82-bca8aa1e27e4}</UniqueIdentifier>
      <Extensions>h;hpp;hxx;hm;inl</Extensions>
    </Filter>
    <Filter Include="Resource Files">
      <UniqueIdentifier>{f80c8ac0-b07e-468c-8f94-5cb518821976}</UniqueIdentifier>
      <Extensions>ico;cur;bmp;dlg;rc2;rct;bin;rgs;gif;jpg;jpeg;jpe</Extensions>
    </Filter>
  </ItemGroup>
  <ItemGroup>
    <ClCompile Include="MainFrm.cpp">
      <Filter>Source Files</Filter>
    </ClCompile>
    <ClCompile Include="P2.cpp">
      <Filter>Source Files</Filter>
    </ClCompile>
    <ClCompile Include="RGB.cpp">
      <Filter>Source Files</Filter>
    </ClCompile>
    <ClCompile Include="StackNode.cpp">
      <Filter>Source Files</Filter>
    </ClCompile>
    <ClCompile Include="StdAfx.cpp">
      <Filter>Source Files</Filter>
    </ClCompile>
    <ClCompile Include="Test.cpp">
      <Filter>Source Files</Filter>
    </ClCompile>
    <ClCompile Include="TestDoc.cpp">
      <Filter>Source Files</Filter>
    </ClCompile>
    <ClCompile Include="TestView.cpp">
      <Filter>Source Files</Filter>
    </ClCompile>
  </ItemGroup>
  <ItemGroup>
    <ResourceCompile Include="Test.rc">
      <Filter>Source Files</Filter>
    </ResourceCompile>
  </ItemGroup>
  <ItemGroup>
    <ClInclude Include="MainFrm.h">
      <Filter>Header Files</Filter>
    </ClInclude>
    <ClInclude Include="P2.h">
      <Filter>Header Files</Filter>
    </ClInclude>
    <ClInclude Include="Resource.h">
      <Filter>Header Files</Filter>
    </ClInclude>
    <ClInclude Include="RGB.h">
      <Filter>Header Files</Filter>
    </ClInclude>
    <ClInclude Include="StackNode.h">
      <Filter>Header Files</Filter>
    </ClInclude>
    <ClInclude Include="StdAfx.h">
      <Filter>Header Files</Filter>
    </ClInclude>
    <ClInclude Include="Test.h">
      <Filter>Header Files</Filter>
    </ClInclude>
    <ClInclude Include="TestDoc.h">
      <Filter>Header Files</Filter>
    </ClInclude>
    <ClInclude Include="TestView.h">
      <Filter>Header Files</Filter>
    </ClInclude>
  </ItemGroup>
  <ItemGroup>
    <None Include="res\about.bmp">
      <Filter>Resource Files</Filter>
    </None>
    <None Include="res\app.ico">
      <Filter>Resource Files</Filter>
    </None>
    <None Include="res\bitmap.bmp">
      <Filter>Resource Files</Filter>
    </None>
    <None Include="res\draw.ico">
      <Filter>Resource Files</Filter>
    </None>
    <None Include="res\exit.ico">
      <Filter>Resource Files</Filter>
    </None>
    <None Include="res\Help.ico">
      <Filter>Resource Files</Filter>
    </None>
    <None Include="res\Test.ico">
      <Filter>Resource Files</Filter>
    </None>
    <None Include="res\Test.rc2">
      <Filter>Resource Files</Filter>
    </None>
    <None Include="res\TestDoc.ico">
      <Filter>Resource Files</Filter>
    </None>
    <None Include="res\Toolbar.bmp">
      <Filter>Resource Files</Filter>
    </None>
    <None Include="ReadMe.txt" />
  </ItemGroup>
</Project>